<?xml version="1.0" encoding="utf-8"?>
<Project ToolsVersion="15.0" xmlns="http://schemas.microsoft.com/developer/msbuild/2003">
  <ItemGroup>
    <ClCompile Include="C:\Users\aleks\Desktop\lab1\mp2-lab1-set\gtest\gtest-all.cc">
      <Filter>Source Files</Filter>
    </ClCompile>
  </ItemGroup>
  <ItemGroup>
    <CustomBuild Include="C:\Users\aleks\Desktop\lab1\mp2-lab1-set\gtest\CMakeLists.txt" />
  </ItemGroup>
  <ItemGroup>
    <Filter Include="Source Files">
      <UniqueIdentifier>{DBBA502F-F252-3F8B-8DF8-A1D6A3D0E836}</UniqueIdentifier>
    </Filter>
  </ItemGroup>
</Project>
